
Microsoft Visual Studio Solution File, Format Version 12.00
# Visual Studio Version 16
VisualStudioVersion = 16.0.30717.126
MinimumVisualStudioVersion = 10.0.40219.1
Project("{FAE04EC0-301F-11D3-BF4B-00C04F79EFBC}") = "E-Vote_BE", "E-Vote_BE\E-Vote_BE.csproj", "{43BD5065-FD90-48CA-9865-A3276439A1FB}"
EndProject
Global
	GlobalSection(SolutionConfigurationPlatforms) = preSolution
		Debug|Any CPU = Debug|Any CPU
		Release|Any CPU = Release|Any CPU
	EndGlobalSection
	GlobalSection(ProjectConfigurationPlatforms) = postSolution
		{43BD5065-FD90-48CA-9865-A3276439A1FB}.Debug|Any CPU.ActiveCfg = Debug|Any CPU
		{43BD5065-FD90-48CA-9865-A3276439A1FB}.Debug|Any CPU.Build.0 = Debug|Any CPU
		{43BD5065-FD90-48CA-9865-A3276439A1FB}.Release|Any CPU.ActiveCfg = Release|Any CPU
		{43BD5065-FD90-48CA-9865-A3276439A1FB}.Release|Any CPU.Build.0 = Release|Any CPU
	EndGlobalSection
	GlobalSection(SolutionProperties) = preSolution
		HideSolutionNode = FALSE
	EndGlobalSection
	GlobalSection(ExtensibilityGlobals) = postSolution
		SolutionGuid = {84E536D4-1972-4C34-8217-84E9158B37E4}
	EndGlobalSection
EndGlobal
